
Microsoft Visual Studio Solution File, Format Version 12.00
# Visual Studio Version 17
VisualStudioVersion = 17.3.32929.385
MinimumVisualStudioVersion = 10.0.40219.1
Project("{9A19103F-16F7-4668-BE54-9A1E7A4F7556}") = "LearnScapeAPI", "LearnScapeAPI\LearnScapeAPI.csproj", "{FB45C322-1B00-4741-B984-B43379AE32E6}"
EndProject
Project("{9A19103F-16F7-4668-BE54-9A1E7A4F7556}") = "LearnScapeCore", "Core\LearnScapeCore.csproj", "{C808D183-6D61-42A0-925C-A4E7F88BF0DB}"
EndProject
Project("{9A19103F-16F7-4668-BE54-9A1E7A4F7556}") = "LearnScapeInfrastructure", "Infrastructure\LearnScapeInfrastructure.csproj", "{ACD28939-2ACB-4ACB-B7DD-03AFDC973705}"
EndProject
Global
	GlobalSection(SolutionConfigurationPlatforms) = preSolution
		Debug|Any CPU = Debug|Any CPU
		Release|Any CPU = Release|Any CPU
	EndGlobalSection
	GlobalSection(ProjectConfigurationPlatforms) = postSolution
		{FB45C322-1B00-4741-B984-B43379AE32E6}.Debug|Any CPU.ActiveCfg = Debug|Any CPU
		{FB45C322-1B00-4741-B984-B43379AE32E6}.Debug|Any CPU.Build.0 = Debug|Any CPU
		{FB45C322-1B00-4741-B984-B43379AE32E6}.Release|Any CPU.ActiveCfg = Release|Any CPU
		{FB45C322-1B00-4741-B984-B43379AE32E6}.Release|Any CPU.Build.0 = Release|Any CPU
		{C808D183-6D61-42A0-925C-A4E7F88BF0DB}.Debug|Any CPU.ActiveCfg = Debug|Any CPU
		{C808D183-6D61-42A0-925C-A4E7F88BF0DB}.Debug|Any CPU.Build.0 = Debug|Any CPU
		{C808D183-6D61-42A0-925C-A4E7F88BF0DB}.Release|Any CPU.ActiveCfg = Release|Any CPU
		{C808D183-6D61-42A0-925C-A4E7F88BF0DB}.Release|Any CPU.Build.0 = Release|Any CPU
		{ACD28939-2ACB-4ACB-B7DD-03AFDC973705}.Debug|Any CPU.ActiveCfg = Debug|Any CPU
		{ACD28939-2ACB-4ACB-B7DD-03AFDC973705}.Debug|Any CPU.Build.0 = Debug|Any CPU
		{ACD28939-2ACB-4ACB-B7DD-03AFDC973705}.Release|Any CPU.ActiveCfg = Release|Any CPU
		{ACD28939-2ACB-4ACB-B7DD-03AFDC973705}.Release|Any CPU.Build.0 = Release|Any CPU
	EndGlobalSection
	GlobalSection(SolutionProperties) = preSolution
		HideSolutionNode = FALSE
	EndGlobalSection
	GlobalSection(ExtensibilityGlobals) = postSolution
		SolutionGuid = {01322233-C3B6-4C8F-8121-0DD2A6A94135}
	EndGlobalSection
EndGlobal
